
Microsoft Visual Studio Solution File, Format Version 12.00
# Visual Studio Version 16
VisualStudioVersion = 16.0.29926.136
MinimumVisualStudioVersion = 10.0.40219.1
Project("{9A19103F-16F7-4668-BE54-9A1E7A4F7556}") = "GraveMod", "Mods\GraveMod\GraveMod.csproj", "{C38994FD-ABBE-4B26-A040-F93F4ADA9230}"
EndProject
Project("{9A19103F-16F7-4668-BE54-9A1E7A4F7556}") = "DebugMod", "Mods\DebugMod\DebugMod.csproj", "{FE3F9FB7-381B-4D90-86BC-445D5015BA4C}"
EndProject
Project("{9A19103F-16F7-4668-BE54-9A1E7A4F7556}") = "Toggly", "Mods\Toggly\Toggly.csproj", "{83FA9DF0-75F5-427D-86A5-78F7DEC0C386}"
EndProject
Project("{9A19103F-16F7-4668-BE54-9A1E7A4F7556}") = "ProspectorInfo", "Mods\ProspectorInfo\ProspectorInfo.csproj", "{1FF2ADBB-7116-498C-A24D-0339B3ECC1FC}"
EndProject
Global
	GlobalSection(SolutionConfigurationPlatforms) = preSolution
		Debug|Any CPU = Debug|Any CPU
		Release x64|Any CPU = Release x64|Any CPU
		Release|Any CPU = Release|Any CPU
	EndGlobalSection
	GlobalSection(ProjectConfigurationPlatforms) = postSolution
		{C38994FD-ABBE-4B26-A040-F93F4ADA9230}.Debug|Any CPU.ActiveCfg = Debug|Any CPU
		{C38994FD-ABBE-4B26-A040-F93F4ADA9230}.Debug|Any CPU.Build.0 = Debug|Any CPU
		{C38994FD-ABBE-4B26-A040-F93F4ADA9230}.Release x64|Any CPU.ActiveCfg = Release|Any CPU
		{C38994FD-ABBE-4B26-A040-F93F4ADA9230}.Release x64|Any CPU.Build.0 = Release|Any CPU
		{C38994FD-ABBE-4B26-A040-F93F4ADA9230}.Release|Any CPU.ActiveCfg = Release|Any CPU
		{C38994FD-ABBE-4B26-A040-F93F4ADA9230}.Release|Any CPU.Build.0 = Release|Any CPU
		{FE3F9FB7-381B-4D90-86BC-445D5015BA4C}.Debug|Any CPU.ActiveCfg = Debug|Any CPU
		{FE3F9FB7-381B-4D90-86BC-445D5015BA4C}.Debug|Any CPU.Build.0 = Debug|Any CPU
		{FE3F9FB7-381B-4D90-86BC-445D5015BA4C}.Release x64|Any CPU.ActiveCfg = Release|Any CPU
		{FE3F9FB7-381B-4D90-86BC-445D5015BA4C}.Release x64|Any CPU.Build.0 = Release|Any CPU
		{FE3F9FB7-381B-4D90-86BC-445D5015BA4C}.Release|Any CPU.ActiveCfg = Release|Any CPU
		{FE3F9FB7-381B-4D90-86BC-445D5015BA4C}.Release|Any CPU.Build.0 = Release|Any CPU
		{83FA9DF0-75F5-427D-86A5-78F7DEC0C386}.Debug|Any CPU.ActiveCfg = Debug|Any CPU
		{83FA9DF0-75F5-427D-86A5-78F7DEC0C386}.Debug|Any CPU.Build.0 = Debug|Any CPU
		{83FA9DF0-75F5-427D-86A5-78F7DEC0C386}.Release x64|Any CPU.ActiveCfg = Release|Any CPU
		{83FA9DF0-75F5-427D-86A5-78F7DEC0C386}.Release x64|Any CPU.Build.0 = Release|Any CPU
		{83FA9DF0-75F5-427D-86A5-78F7DEC0C386}.Release|Any CPU.ActiveCfg = Release|Any CPU
		{83FA9DF0-75F5-427D-86A5-78F7DEC0C386}.Release|Any CPU.Build.0 = Release|Any CPU
		{1FF2ADBB-7116-498C-A24D-0339B3ECC1FC}.Debug|Any CPU.ActiveCfg = Debug|Any CPU
		{1FF2ADBB-7116-498C-A24D-0339B3ECC1FC}.Debug|Any CPU.Build.0 = Debug|Any CPU
		{1FF2ADBB-7116-498C-A24D-0339B3ECC1FC}.Release x64|Any CPU.ActiveCfg = Debug|Any CPU
		{1FF2ADBB-7116-498C-A24D-0339B3ECC1FC}.Release x64|Any CPU.Build.0 = Debug|Any CPU
		{1FF2ADBB-7116-498C-A24D-0339B3ECC1FC}.Release|Any CPU.ActiveCfg = Release|Any CPU
		{1FF2ADBB-7116-498C-A24D-0339B3ECC1FC}.Release|Any CPU.Build.0 = Release|Any CPU
	EndGlobalSection
	GlobalSection(SolutionProperties) = preSolution
		HideSolutionNode = FALSE
	EndGlobalSection
	GlobalSection(ExtensibilityGlobals) = postSolution
		SolutionGuid = {26630D08-373A-4935-AEEC-2864013A5F5B}
	EndGlobalSection
EndGlobal
